{
  "projects": [
    {
      "projectId": "gfjAdNoHd7G3Pf1RsDsNSf",
      "version": "latest",
      "dependencies": {},
      "lang": "ts",
      "fileLocks": [
        {
          "type": "globalVariant",
          "assetId": "qxaBNCuLfgR3U",
          "checksum": "4cd20c14b002059d735f2e9a2a56e400"
        },
        {
          "type": "renderModule",
          "assetId": "7nf0FyosBLxT",
          "checksum": "806393453f95955a4a9cdc85cfd037a3"
        },
        {
          "type": "cssRules",
          "assetId": "7nf0FyosBLxT",
          "checksum": "806393453f95955a4a9cdc85cfd037a3"
        },
        {
          "type": "renderModule",
          "assetId": "cw8hzszpYgJ",
          "checksum": "703fd99c00fa243d8f6be1154e74c21c"
        },
        {
          "type": "cssRules",
          "assetId": "cw8hzszpYgJ",
          "checksum": "703fd99c00fa243d8f6be1154e74c21c"
        },
        {
          "assetId": "gfjAdNoHd7G3Pf1RsDsNSf",
          "type": "projectCss",
          "checksum": "637bf885e195ee86d785a0755c88c5ee"
        }
      ],
      "codegenVersion": "0.0.1"
    }
  ],
  "cliVersion": "0.1.260"
}
