{
  "projects": [
    {
      "projectId": "gfjAdNoHd7G3Pf1RsDsNSf",
      "version": "latest",
      "dependencies": {},
      "lang": "ts",
      "fileLocks": [
        {
          "type": "globalVariant",
          "assetId": "qxaBNCuLfgR3U",
          "checksum": "4cd20c14b002059d735f2e9a2a56e400"
        },
        {
          "type": "renderModule",
          "assetId": "7nf0FyosBLxT",
          "checksum": "6caa98125bdc2062723251ada6aa60b8"
        },
        {
          "type": "cssRules",
          "assetId": "7nf0FyosBLxT",
          "checksum": "6caa98125bdc2062723251ada6aa60b8"
        },
        {
          "assetId": "gfjAdNoHd7G3Pf1RsDsNSf",
          "type": "projectCss",
          "checksum": "dfa981c5186c51ac60092717b8d76660"
        }
      ],
      "codegenVersion": "0.0.1"
    }
  ],
  "cliVersion": "0.1.260"
}
