{
  "projects": [
    {
      "projectId": "gfjAdNoHd7G3Pf1RsDsNSf",
      "version": "latest",
      "dependencies": {},
      "lang": "ts",
      "fileLocks": [
        {
          "type": "globalVariant",
          "assetId": "qxaBNCuLfgR3U",
          "checksum": "2aadb8b578f19529a8c48899c0d0918d"
        },
        {
          "type": "renderModule",
          "assetId": "7nf0FyosBLxT",
          "checksum": "d41935b7573f8f95efc26e248d2f93e2"
        },
        {
          "type": "cssRules",
          "assetId": "7nf0FyosBLxT",
          "checksum": "d41935b7573f8f95efc26e248d2f93e2"
        },
        {
          "type": "renderModule",
          "assetId": "S5KYVe8a0M",
          "checksum": "fd21d720d54e394822cca214e69f8751"
        },
        {
          "type": "cssRules",
          "assetId": "S5KYVe8a0M",
          "checksum": "fd21d720d54e394822cca214e69f8751"
        },
        {
          "type": "image",
          "assetId": "z8udXicTr",
          "checksum": "96c23435210f06a6ff4f26118948a7ef"
        },
        {
          "assetId": "gfjAdNoHd7G3Pf1RsDsNSf",
          "type": "projectCss",
          "checksum": "dfd51982bf992fe99dc3dcf345024259"
        }
      ],
      "codegenVersion": "0.0.1"
    }
  ],
  "cliVersion": "0.1.260"
}
